// !$*UTF8*$!
{
	archiveVersion = 1;
	classes = {
	};
	objectVersion = 56;
	objects = {

/* Begin PBXBuildFile section */
		6640D3C22BD7CCC400ABBACA /* 4solView.mp3 in Resources */ = {isa = PBXBuildFile; fileRef = 6640D3BB2BD7CCC400ABBACA /* 4solView.mp3 */; };
		6640D3C32BD7CCC400ABBACA /* 5laView.mp3 in Resources */ = {isa = PBXBuildFile; fileRef = 6640D3BC2BD7CCC400ABBACA /* 5laView.mp3 */; };
		6640D3C42BD7CCC400ABBACA /* 0doView.mp3 in Resources */ = {isa = PBXBuildFile; fileRef = 6640D3BD2BD7CCC400ABBACA /* 0doView.mp3 */; };
		6640D3C52BD7CCC400ABBACA /* 3faView.mp3 in Resources */ = {isa = PBXBuildFile; fileRef = 6640D3BE2BD7CCC400ABBACA /* 3faView.mp3 */; };
		6640D3C62BD7CCC400ABBACA /* 2miView.mp3 in Resources */ = {isa = PBXBuildFile; fileRef = 6640D3BF2BD7CCC400ABBACA /* 2miView.mp3 */; };
		6640D3C72BD7CCC400ABBACA /* 6tiView.mp3 in Resources */ = {isa = PBXBuildFile; fileRef = 6640D3C02BD7CCC400ABBACA /* 6tiView.mp3 */; };
		6640D3C82BD7CCC400ABBACA /* 1reView.mp3 in Resources */ = {isa = PBXBuildFile; fileRef = 6640D3C12BD7CCC400ABBACA /* 1reView.mp3 */; };
		66FE0AFB2BD77BDB00785BB0 /* AppDelegate.swift in Sources */ = {isa = PBXBuildFile; fileRef = 66FE0AFA2BD77BDB00785BB0 /* AppDelegate.swift */; };
		66FE0AFD2BD77BDB00785BB0 /* SceneDelegate.swift in Sources */ = {isa = PBXBuildFile; fileRef = 66FE0AFC2BD77BDB00785BB0 /* SceneDelegate.swift */; };
		66FE0AFF2BD77BDB00785BB0 /* ViewController.swift in Sources */ = {isa = PBXBuildFile; fileRef = 66FE0AFE2BD77BDB00785BB0 /* ViewController.swift */; };
		66FE0B022BD77BDB00785BB0 /* Base in Resources */ = {isa = PBXBuildFile; fileRef = 66FE0B012BD77BDB00785BB0 /* Base */; };
		66FE0B042BD77BDC00785BB0 /* Assets.xcassets in Resources */ = {isa = PBXBuildFile; fileRef = 66FE0B032BD77BDC00785BB0 /* Assets.xcassets */; };
		66FE0B072BD77BDC00785BB0 /* Base in Resources */ = {isa = PBXBuildFile; fileRef = 66FE0B062BD77BDC00785BB0 /* Base */; };
/* End PBXBuildFile section */

/* Begin PBXFileReference section */
		6640D3BB2BD7CCC400ABBACA /* 4solView.mp3 */ = {isa = PBXFileReference; lastKnownFileType = audio.mp3; name = 4solView.mp3; path = Assets.xcassets/4solView.mp3; sourceTree = "<group>"; };
		6640D3BC2BD7CCC400ABBACA /* 5laView.mp3 */ = {isa = PBXFileReference; lastKnownFileType = audio.mp3; name = 5laView.mp3; path = Assets.xcassets/5laView.mp3; sourceTree = "<group>"; };
		6640D3BD2BD7CCC400ABBACA /* 0doView.mp3 */ = {isa = PBXFileReference; lastKnownFileType = audio.mp3; name = 0doView.mp3; path = Assets.xcassets/0doView.mp3; sourceTree = "<group>"; };
		6640D3BE2BD7CCC400ABBACA /* 3faView.mp3 */ = {isa = PBXFileReference; lastKnownFileType = audio.mp3; name = 3faView.mp3; path = Assets.xcassets/3faView.mp3; sourceTree = "<group>"; };
		6640D3BF2BD7CCC400ABBACA /* 2miView.mp3 */ = {isa = PBXFileReference; lastKnownFileType = audio.mp3; name = 2miView.mp3; path = Assets.xcassets/2miView.mp3; sourceTree = "<group>"; };
		6640D3C02BD7CCC400ABBACA /* 6tiView.mp3 */ = {isa = PBXFileReference; lastKnownFileType = audio.mp3; name = 6tiView.mp3; path = Assets.xcassets/6tiView.mp3; sourceTree = "<group>"; };
		6640D3C12BD7CCC400ABBACA /* 1reView.mp3 */ = {isa = PBXFileReference; lastKnownFileType = audio.mp3; name = 1reView.mp3; path = Assets.xcassets/1reView.mp3; sourceTree = "<group>"; };
		66FE0AF72BD77BDB00785BB0 /* ScaleMaker.app */ = {isa = PBXFileReference; explicitFileType = wrapper.application; includeInIndex = 0; path = ScaleMaker.app; sourceTree = BUILT_PRODUCTS_DIR; };
		66FE0AFA2BD77BDB00785BB0 /* AppDelegate.swift */ = {isa = PBXFileReference; lastKnownFileType = sourcecode.swift; path = AppDelegate.swift; sourceTree = "<group>"; };
		66FE0AFC2BD77BDB00785BB0 /* SceneDelegate.swift */ = {isa = PBXFileReference; lastKnownFileType = sourcecode.swift; path = SceneDelegate.swift; sourceTree = "<group>"; };
		66FE0AFE2BD77BDB00785BB0 /* ViewController.swift */ = {isa = PBXFileReference; lastKnownFileType = sourcecode.swift; path = ViewController.swift; sourceTree = "<group>"; };
		66FE0B012BD77BDB00785BB0 /* Base */ = {isa = PBXFileReference; lastKnownFileType = file.storyboard; name = Base; path = Base.lproj/Main.storyboard; sourceTree = "<group>"; };
		66FE0B032BD77BDC00785BB0 /* Assets.xcassets */ = {isa = PBXFileReference; lastKnownFileType = folder.assetcatalog; path = Assets.xcassets; sourceTree = "<group>"; };
		66FE0B062BD77BDC00785BB0 /* Base */ = {isa = PBXFileReference; lastKnownFileType = file.storyboard; name = Base; path = Base.lproj/LaunchScreen.storyboard; sourceTree = "<group>"; };
		66FE0B082BD77BDC00785BB0 /* Info.plist */ = {isa = PBXFileReference; lastKnownFileType = text.plist.xml; path = Info.plist; sourceTree = "<group>"; };
/* End PBXFileReference section */

/* Begin PBXFrameworksBuildPhase section */
		66FE0AF42BD77BDB00785BB0 /* Frameworks */ = {
			isa = PBXFrameworksBuildPhase;
			buildActionMask = 2147483647;
			files = (
			);
			runOnlyForDeploymentPostprocessing = 0;
		};
/* End PBXFrameworksBuildPhase section */

/* Begin PBXGroup section */
		66FE0AEE2BD77BDB00785BB0 = {
			isa = PBXGroup;
			children = (
				66FE0AF92BD77BDB00785BB0 /* ScaleMaker */,
				66FE0AF82BD77BDB00785BB0 /* Products */,
			);
			sourceTree = "<group>";
		};
		66FE0AF82BD77BDB00785BB0 /* Products */ = {
			isa = PBXGroup;
			children = (
				66FE0AF72BD77BDB00785BB0 /* ScaleMaker.app */,
			);
			name = Products;
			sourceTree = "<group>";
		};
		66FE0AF92BD77BDB00785BB0 /* ScaleMaker */ = {
			isa = PBXGroup;
			children = (
				66FE0AFA2BD77BDB00785BB0 /* AppDelegate.swift */,
				66FE0AFC2BD77BDB00785BB0 /* SceneDelegate.swift */,
				66FE0AFE2BD77BDB00785BB0 /* ViewController.swift */,
				66FE0B002BD77BDB00785BB0 /* Main.storyboard */,
				66FE0B032BD77BDC00785BB0 /* Assets.xcassets */,
				66FE0B052BD77BDC00785BB0 /* LaunchScreen.storyboard */,
				66FE0B082BD77BDC00785BB0 /* Info.plist */,
				6640D3BD2BD7CCC400ABBACA /* 0doView.mp3 */,
				6640D3C12BD7CCC400ABBACA /* 1reView.mp3 */,
				6640D3BF2BD7CCC400ABBACA /* 2miView.mp3 */,
				6640D3BE2BD7CCC400ABBACA /* 3faView.mp3 */,
				6640D3BB2BD7CCC400ABBACA /* 4solView.mp3 */,
				6640D3BC2BD7CCC400ABBACA /* 5laView.mp3 */,
				6640D3C02BD7CCC400ABBACA /* 6tiView.mp3 */,
			);
			path = ScaleMaker;
			sourceTree = "<group>";
		};
/* End PBXGroup section */

/* Begin PBXNativeTarget section */
		66FE0AF62BD77BDB00785BB0 /* ScaleMaker */ = {
			isa = PBXNativeTarget;
			buildConfigurationList = 66FE0B0B2BD77BDC00785BB0 /* Build configuration list for PBXNativeTarget "ScaleMaker" */;
			buildPhases = (
				66FE0AF32BD77BDB00785BB0 /* Sources */,
				66FE0AF42BD77BDB00785BB0 /* Frameworks */,
				66FE0AF52BD77BDB00785BB0 /* Resources */,
			);
			buildRules = (
			);
			dependencies = (
			);
			name = ScaleMaker;
			productName = ScaleMaker;
			productReference = 66FE0AF72BD77BDB00785BB0 /* ScaleMaker.app */;
			productType = "com.apple.product-type.application";
		};
/* End PBXNativeTarget section */

/* Begin PBXProject section */
		66FE0AEF2BD77BDB00785BB0 /* Project object */ = {
			isa = PBXProject;
			attributes = {
				BuildIndependentTargetsInParallel = 1;
				LastSwiftUpdateCheck = 1530;
				LastUpgradeCheck = 1530;
				TargetAttributes = {
					66FE0AF62BD77BDB00785BB0 = {
						CreatedOnToolsVersion = 15.3;
					};
				};
			};
			buildConfigurationList = 66FE0AF22BD77BDB00785BB0 /* Build configuration list for PBXProject "ScaleMaker" */;
			compatibilityVersion = "Xcode 14.0";
			developmentRegion = en;
			hasScannedForEncodings = 0;
			knownRegions = (
				en,
				Base,
			);
			mainGroup = 66FE0AEE2BD77BDB00785BB0;
			productRefGroup = 66FE0AF82BD77BDB00785BB0 /* Products */;
			projectDirPath = "";
			projectRoot = "";
			targets = (
				66FE0AF62BD77BDB00785BB0 /* ScaleMaker */,
			);
		};
/* End PBXProject section */

/* Begin PBXResourcesBuildPhase section */
		66FE0AF52BD77BDB00785BB0 /* Resources */ = {
			isa = PBXResourcesBuildPhase;
			buildActionMask = 2147483647;
			files = (
				66FE0B042BD77BDC00785BB0 /* Assets.xcassets in Resources */,
				6640D3C32BD7CCC400ABBACA /* 5laView.mp3 in Resources */,
				6640D3C82BD7CCC400ABBACA /* 1reView.mp3 in Resources */,
				6640D3C52BD7CCC400ABBACA /* 3faView.mp3 in Resources */,
				66FE0B072BD77BDC00785BB0 /* Base in Resources */,
				6640D3C62BD7CCC400ABBACA /* 2miView.mp3 in Resources */,
				6640D3C22BD7CCC400ABBACA /* 4solView.mp3 in Resources */,
				6640D3C72BD7CCC400ABBACA /* 6tiView.mp3 in Resources */,
				66FE0B022BD77BDB00785BB0 /* Base in Resources */,
				6640D3C42BD7CCC400ABBACA /* 0doView.mp3 in Resources */,
			);
			runOnlyForDeploymentPostprocessing = 0;
		};
/* End PBXResourcesBuildPhase section */

/* Begin PBXSourcesBuildPhase section */
		66FE0AF32BD77BDB00785BB0 /* Sources */ = {
			isa = PBXSourcesBuildPhase;
			buildActionMask = 2147483647;
			files = (
				66FE0AFF2BD77BDB00785BB0 /* ViewController.swift in Sources */,
				66FE0AFB2BD77BDB00785BB0 /* AppDelegate.swift in Sources */,
				66FE0AFD2BD77BDB00785BB0 /* SceneDelegate.swift in Sources */,
			);
			runOnlyForDeploymentPostprocessing = 0;
		};
/* End PBXSourcesBuildPhase section */

/* Begin PBXVariantGroup section */
		66FE0B002BD77BDB00785BB0 /* Main.storyboard */ = {
			isa = PBXVariantGroup;
			children = (
				66FE0B012BD77BDB00785BB0 /* Base */,
			);
			name = Main.storyboard;
			sourceTree = "<group>";
		};
		66FE0B052BD77BDC00785BB0 /* LaunchScreen.storyboard */ = {
			isa = PBXVariantGroup;
			children = (
				66FE0B062BD77BDC00785BB0 /* Base */,
			);
			name = LaunchScreen.storyboard;
			sourceTree = "<group>";
		};
/* End PBXVariantGroup section */

/* Begin XCBuildConfiguration section */
		66FE0B092BD77BDC00785BB0 /* Debug */ = {
			isa = XCBuildConfiguration;
			buildSettings = {
				ALWAYS_SEARCH_USER_PATHS = NO;
				ASSETCATALOG_COMPILER_GENERATE_SWIFT_ASSET_SYMBOL_EXTENSIONS = YES;
				CLANG_ANALYZER_NONNULL = YES;
				CLANG_ANALYZER_NUMBER_OBJECT_CONVERSION = YES_AGGRESSIVE;
				CLANG_CXX_LANGUAGE_STANDARD = "gnu++20";
				CLANG_ENABLE_MODULES = YES;
				CLANG_ENABLE_OBJC_ARC = YES;
				CLANG_ENABLE_OBJC_WEAK = YES;
				CLANG_WARN_BLOCK_CAPTURE_AUTORELEASING = YES;
				CLANG_WARN_BOOL_CONVERSION = YES;
				CLANG_WARN_COMMA = YES;
				CLANG_WARN_CONSTANT_CONVERSION = YES;
				CLANG_WARN_DEPRECATED_OBJC_IMPLEMENTATIONS = YES;
				CLANG_WARN_DIRECT_OBJC_ISA_USAGE = YES_ERROR;
				CLANG_WARN_DOCUMENTATION_COMMENTS = YES;
				CLANG_WARN_EMPTY_BODY = YES;
				CLANG_WARN_ENUM_CONVERSION = YES;
				CLANG_WARN_INFINITE_RECURSION = YES;
				CLANG_WARN_INT_CONVERSION = YES;
				CLANG_WARN_NON_LITERAL_NULL_CONVERSION = YES;
				CLANG_WARN_OBJC_IMPLICIT_RETAIN_SELF = YES;
				CLANG_WARN_OBJC_LITERAL_CONVERSION = YES;
				CLANG_WARN_OBJC_ROOT_CLASS = YES_ERROR;
				CLANG_WARN_QUOTED_INCLUDE_IN_FRAMEWORK_HEADER = YES;
				CLANG_WARN_RANGE_LOOP_ANALYSIS = YES;
				CLANG_WARN_STRICT_PROTOTYPES = YES;
				CLANG_WARN_SUSPICIOUS_MOVE = YES;
				CLANG_WARN_UNGUARDED_AVAILABILITY = YES_AGGRESSIVE;
				CLANG_WARN_UNREACHABLE_CODE = YES;
				CLANG_WARN__DUPLICATE_METHOD_MATCH = YES;
				COPY_PHASE_STRIP = NO;
				DEBUG_INFORMATION_FORMAT = dwarf;
				ENABLE_STRICT_OBJC_MSGSEND = YES;
				ENABLE_TESTABILITY = YES;
				ENABLE_USER_SCRIPT_SANDBOXING = YES;
				GCC_C_LANGUAGE_STANDARD = gnu17;
				GCC_DYNAMIC_NO_PIC = NO;
				GCC_NO_COMMON_BLOCKS = YES;
				GCC_OPTIMIZATION_LEVEL = 0;
				GCC_PREPROCESSOR_DEFINITIONS = (
					"DEBUG=1",
					"$(inherited)",
				);
				GCC_WARN_64_TO_32_BIT_CONVERSION = YES;
				GCC_WARN_ABOUT_RETURN_TYPE = YES_ERROR;
				GCC_WARN_UNDECLARED_SELECTOR = YES;
				GCC_WARN_UNINITIALIZED_AUTOS = YES_AGGRESSIVE;
				GCC_WARN_UNUSED_FUNCTION = YES;
				GCC_WARN_UNUSED_VARIABLE = YES;
				IPHONEOS_DEPLOYMENT_TARGET = 17.4;
				LOCALIZATION_PREFERS_STRING_CATALOGS = YES;
				MTL_ENABLE_DEBUG_INFO = INCLUDE_SOURCE;
				MTL_FAST_MATH = YES;
				ONLY_ACTIVE_ARCH = YES;
				SDKROOT = iphoneos;
				SWIFT_ACTIVE_COMPILATION_CONDITIONS = "DEBUG $(inherited)";
				SWIFT_OPTIMIZATION_LEVEL = "-Onone";
			};
			name = Debug;
		};
		66FE0B0A2BD77BDC00785BB0 /* Release */ = {
			isa = XCBuildConfiguration;
			buildSettings = {
				ALWAYS_SEARCH_USER_PATHS = NO;
				ASSETCATALOG_COMPILER_GENERATE_SWIFT_ASSET_SYMBOL_EXTENSIONS = YES;
				CLANG_ANALYZER_NONNULL = YES;
				CLANG_ANALYZER_NUMBER_OBJECT_CONVERSION = YES_AGGRESSIVE;
				CLANG_CXX_LANGUAGE_STANDARD = "gnu++20";
				CLANG_ENABLE_MODULES = YES;
				CLANG_ENABLE_OBJC_ARC = YES;
				CLANG_ENABLE_OBJC_WEAK = YES;
				CLANG_WARN_BLOCK_CAPTURE_AUTORELEASING = YES;
				CLANG_WARN_BOOL_CONVERSION = YES;
				CLANG_WARN_COMMA = YES;
				CLANG_WARN_CONSTANT_CONVERSION = YES;
				CLANG_WARN_DEPRECATED_OBJC_IMPLEMENTATIONS = YES;
				CLANG_WARN_DIRECT_OBJC_ISA_USAGE = YES_ERROR;
				CLANG_WARN_DOCUMENTATION_COMMENTS = YES;
				CLANG_WARN_EMPTY_BODY = YES;
				CLANG_WARN_ENUM_CONVERSION = YES;
				CLANG_WARN_INFINITE_RECURSION = YES;
				CLANG_WARN_INT_CONVERSION = YES;
				CLANG_WARN_NON_LITERAL_NULL_CONVERSION = YES;
				CLANG_WARN_OBJC_IMPLICIT_RETAIN_SELF = YES;
				CLANG_WARN_OBJC_LITERAL_CONVERSION = YES;
				CLANG_WARN_OBJC_ROOT_CLASS = YES_ERROR;
				CLANG_WARN_QUOTED_INCLUDE_IN_FRAMEWORK_HEADER = YES;
				CLANG_WARN_RANGE_LOOP_ANALYSIS = YES;
				CLANG_WARN_STRICT_PROTOTYPES = YES;
				CLANG_WARN_SUSPICIOUS_MOVE = YES;
				CLANG_WARN_UNGUARDED_AVAILABILITY = YES_AGGRESSIVE;
				CLANG_WARN_UNREACHABLE_CODE = YES;
				CLANG_WARN__DUPLICATE_METHOD_MATCH = YES;
				COPY_PHASE_STRIP = NO;
				DEBUG_INFORMATION_FORMAT = "dwarf-with-dsym";
				ENABLE_NS_ASSERTIONS = NO;
				ENABLE_STRICT_OBJC_MSGSEND = YES;
				ENABLE_USER_SCRIPT_SANDBOXING = YES;
				GCC_C_LANGUAGE_STANDARD = gnu17;
				GCC_NO_COMMON_BLOCKS = YES;
				GCC_WARN_64_TO_32_BIT_CONVERSION = YES;
				GCC_WARN_ABOUT_RETURN_TYPE = YES_ERROR;
				GCC_WARN_UNDECLARED_SELECTOR = YES;
				GCC_WARN_UNINITIALIZED_AUTOS = YES_AGGRESSIVE;
				GCC_WARN_UNUSED_FUNCTION = YES;
				GCC_WARN_UNUSED_VARIABLE = YES;
				IPHONEOS_DEPLOYMENT_TARGET = 17.4;
				LOCALIZATION_PREFERS_STRING_CATALOGS = YES;
				MTL_ENABLE_DEBUG_INFO = NO;
				MTL_FAST_MATH = YES;
				SDKROOT = iphoneos;
				SWIFT_COMPILATION_MODE = wholemodule;
				VALIDATE_PRODUCT = YES;
			};
			name = Release;
		};
		66FE0B0C2BD77BDC00785BB0 /* Debug */ = {
			isa = XCBuildConfiguration;
			buildSettings = {
				ASSETCATALOG_COMPILER_APPICON_NAME = AppIcon;
				ASSETCATALOG_COMPILER_GLOBAL_ACCENT_COLOR_NAME = AccentColor;
				CODE_SIGN_STYLE = Automatic;
				CURRENT_PROJECT_VERSION = 1;
				GENERATE_INFOPLIST_FILE = YES;
				INFOPLIST_FILE = ScaleMaker/Info.plist;
				INFOPLIST_KEY_UIApplicationSupportsIndirectInputEvents = YES;
				INFOPLIST_KEY_UILaunchStoryboardName = LaunchScreen;
				INFOPLIST_KEY_UIMainStoryboardFile = Main;
				INFOPLIST_KEY_UISupportedInterfaceOrientations_iPad = "UIInterfaceOrientationPortrait UIInterfaceOrientationPortraitUpsideDown UIInterfaceOrientationLandscapeLeft UIInterfaceOrientationLandscapeRight";
				INFOPLIST_KEY_UISupportedInterfaceOrientations_iPhone = "UIInterfaceOrientationPortrait UIInterfaceOrientationLandscapeLeft UIInterfaceOrientationLandscapeRight";
				LD_RUNPATH_SEARCH_PATHS = (
					"$(inherited)",
					"@executable_path/Frameworks",
				);
				MARKETING_VERSION = 1.0;
				PRODUCT_BUNDLE_IDENTIFIER = kr.co.test.ScaleMaker;
				PRODUCT_NAME = "$(TARGET_NAME)";
				SWIFT_EMIT_LOC_STRINGS = YES;
				SWIFT_VERSION = 5.0;
				TARGETED_DEVICE_FAMILY = "1,2";
			};
			name = Debug;
		};
		66FE0B0D2BD77BDC00785BB0 /* Release */ = {
			isa = XCBuildConfiguration;
			buildSettings = {
				ASSETCATALOG_COMPILER_APPICON_NAME = AppIcon;
				ASSETCATALOG_COMPILER_GLOBAL_ACCENT_COLOR_NAME = AccentColor;
				CODE_SIGN_STYLE = Automatic;
				CURRENT_PROJECT_VERSION = 1;
				GENERATE_INFOPLIST_FILE = YES;
				INFOPLIST_FILE = ScaleMaker/Info.plist;
				INFOPLIST_KEY_UIApplicationSupportsIndirectInputEvents = YES;
				INFOPLIST_KEY_UILaunchStoryboardName = LaunchScreen;
				INFOPLIST_KEY_UIMainStoryboardFile = Main;
				INFOPLIST_KEY_UISupportedInterfaceOrientations_iPad = "UIInterfaceOrientationPortrait UIInterfaceOrientationPortraitUpsideDown UIInterfaceOrientationLandscapeLeft UIInterfaceOrientationLandscapeRight";
				INFOPLIST_KEY_UISupportedInterfaceOrientations_iPhone = "UIInterfaceOrientationPortrait UIInterfaceOrientationLandscapeLeft UIInterfaceOrientationLandscapeRight";
				LD_RUNPATH_SEARCH_PATHS = (
					"$(inherited)",
					"@executable_path/Frameworks",
				);
				MARKETING_VERSION = 1.0;
				PRODUCT_BUNDLE_IDENTIFIER = kr.co.test.ScaleMaker;
				PRODUCT_NAME = "$(TARGET_NAME)";
				SWIFT_EMIT_LOC_STRINGS = YES;
				SWIFT_VERSION = 5.0;
				TARGETED_DEVICE_FAMILY = "1,2";
			};
			name = Release;
		};
/* End XCBuildConfiguration section */

/* Begin XCConfigurationList section */
		66FE0AF22BD77BDB00785BB0 /* Build configuration list for PBXProject "ScaleMaker" */ = {
			isa = XCConfigurationList;
			buildConfigurations = (
				66FE0B092BD77BDC00785BB0 /* Debug */,
				66FE0B0A2BD77BDC00785BB0 /* Release */,
			);
			defaultConfigurationIsVisible = 0;
			defaultConfigurationName = Release;
		};
		66FE0B0B2BD77BDC00785BB0 /* Build configuration list for PBXNativeTarget "ScaleMaker" */ = {
			isa = XCConfigurationList;
			buildConfigurations = (
				66FE0B0C2BD77BDC00785BB0 /* Debug */,
				66FE0B0D2BD77BDC00785BB0 /* Release */,
			);
			defaultConfigurationIsVisible = 0;
			defaultConfigurationName = Release;
		};
/* End XCConfigurationList section */
	};
	rootObject = 66FE0AEF2BD77BDB00785BB0 /* Project object */;
}
