// !$*UTF8*$!
{
	archiveVersion = 1;
	classes = {
	};
	objectVersion = 56;
	objects = {

/* Begin PBXBuildFile section */
		66CD42D22BE0EFCE009F1C3F /* AppDelegate.swift in Sources */ = {isa = PBXBuildFile; fileRef = 66CD42D12BE0EFCE009F1C3F /* AppDelegate.swift */; };
		66CD42D42BE0EFCE009F1C3F /* SceneDelegate.swift in Sources */ = {isa = PBXBuildFile; fileRef = 66CD42D32BE0EFCE009F1C3F /* SceneDelegate.swift */; };
		66CD42D62BE0EFCE009F1C3F /* ViewController.swift in Sources */ = {isa = PBXBuildFile; fileRef = 66CD42D52BE0EFCE009F1C3F /* ViewController.swift */; };
		66CD42D92BE0EFCE009F1C3F /* Base in Resources */ = {isa = PBXBuildFile; fileRef = 66CD42D82BE0EFCE009F1C3F /* Base */; };
		66CD42DB2BE0EFCF009F1C3F /* Assets.xcassets in Resources */ = {isa = PBXBuildFile; fileRef = 66CD42DA2BE0EFCF009F1C3F /* Assets.xcassets */; };
		66CD42DE2BE0EFCF009F1C3F /* Base in Resources */ = {isa = PBXBuildFile; fileRef = 66CD42DD2BE0EFCF009F1C3F /* Base */; };
		66CD42E62BE0F024009F1C3F /* SecondViewController.swift in Sources */ = {isa = PBXBuildFile; fileRef = 66CD42E52BE0F024009F1C3F /* SecondViewController.swift */; };
		66CD42E82BE0F039009F1C3F /* ThirdViewController.swift in Sources */ = {isa = PBXBuildFile; fileRef = 66CD42E72BE0F039009F1C3F /* ThirdViewController.swift */; };
/* End PBXBuildFile section */

/* Begin PBXFileReference section */
		66CD42CE2BE0EFCE009F1C3F /* SecondaryPassword.app */ = {isa = PBXFileReference; explicitFileType = wrapper.application; includeInIndex = 0; path = SecondaryPassword.app; sourceTree = BUILT_PRODUCTS_DIR; };
		66CD42D12BE0EFCE009F1C3F /* AppDelegate.swift */ = {isa = PBXFileReference; lastKnownFileType = sourcecode.swift; path = AppDelegate.swift; sourceTree = "<group>"; };
		66CD42D32BE0EFCE009F1C3F /* SceneDelegate.swift */ = {isa = PBXFileReference; lastKnownFileType = sourcecode.swift; path = SceneDelegate.swift; sourceTree = "<group>"; };
		66CD42D52BE0EFCE009F1C3F /* ViewController.swift */ = {isa = PBXFileReference; lastKnownFileType = sourcecode.swift; path = ViewController.swift; sourceTree = "<group>"; };
		66CD42D82BE0EFCE009F1C3F /* Base */ = {isa = PBXFileReference; lastKnownFileType = file.storyboard; name = Base; path = Base.lproj/Main.storyboard; sourceTree = "<group>"; };
		66CD42DA2BE0EFCF009F1C3F /* Assets.xcassets */ = {isa = PBXFileReference; lastKnownFileType = folder.assetcatalog; path = Assets.xcassets; sourceTree = "<group>"; };
		66CD42DD2BE0EFCF009F1C3F /* Base */ = {isa = PBXFileReference; lastKnownFileType = file.storyboard; name = Base; path = Base.lproj/LaunchScreen.storyboard; sourceTree = "<group>"; };
		66CD42DF2BE0EFCF009F1C3F /* Info.plist */ = {isa = PBXFileReference; lastKnownFileType = text.plist.xml; path = Info.plist; sourceTree = "<group>"; };
		66CD42E52BE0F024009F1C3F /* SecondViewController.swift */ = {isa = PBXFileReference; lastKnownFileType = sourcecode.swift; path = SecondViewController.swift; sourceTree = "<group>"; };
		66CD42E72BE0F039009F1C3F /* ThirdViewController.swift */ = {isa = PBXFileReference; lastKnownFileType = sourcecode.swift; path = ThirdViewController.swift; sourceTree = "<group>"; };
/* End PBXFileReference section */

/* Begin PBXFrameworksBuildPhase section */
		66CD42CB2BE0EFCE009F1C3F /* Frameworks */ = {
			isa = PBXFrameworksBuildPhase;
			buildActionMask = 2147483647;
			files = (
			);
			runOnlyForDeploymentPostprocessing = 0;
		};
/* End PBXFrameworksBuildPhase section */

/* Begin PBXGroup section */
		66CD42C52BE0EFCE009F1C3F = {
			isa = PBXGroup;
			children = (
				66CD42D02BE0EFCE009F1C3F /* SecondaryPassword */,
				66CD42CF2BE0EFCE009F1C3F /* Products */,
			);
			sourceTree = "<group>";
		};
		66CD42CF2BE0EFCE009F1C3F /* Products */ = {
			isa = PBXGroup;
			children = (
				66CD42CE2BE0EFCE009F1C3F /* SecondaryPassword.app */,
			);
			name = Products;
			sourceTree = "<group>";
		};
		66CD42D02BE0EFCE009F1C3F /* SecondaryPassword */ = {
			isa = PBXGroup;
			children = (
				66CD42D12BE0EFCE009F1C3F /* AppDelegate.swift */,
				66CD42D32BE0EFCE009F1C3F /* SceneDelegate.swift */,
				66CD42D52BE0EFCE009F1C3F /* ViewController.swift */,
				66CD42E52BE0F024009F1C3F /* SecondViewController.swift */,
				66CD42E72BE0F039009F1C3F /* ThirdViewController.swift */,
				66CD42D72BE0EFCE009F1C3F /* Main.storyboard */,
				66CD42DA2BE0EFCF009F1C3F /* Assets.xcassets */,
				66CD42DC2BE0EFCF009F1C3F /* LaunchScreen.storyboard */,
				66CD42DF2BE0EFCF009F1C3F /* Info.plist */,
			);
			path = SecondaryPassword;
			sourceTree = "<group>";
		};
/* End PBXGroup section */

/* Begin PBXNativeTarget section */
		66CD42CD2BE0EFCE009F1C3F /* SecondaryPassword */ = {
			isa = PBXNativeTarget;
			buildConfigurationList = 66CD42E22BE0EFCF009F1C3F /* Build configuration list for PBXNativeTarget "SecondaryPassword" */;
			buildPhases = (
				66CD42CA2BE0EFCE009F1C3F /* Sources */,
				66CD42CB2BE0EFCE009F1C3F /* Frameworks */,
				66CD42CC2BE0EFCE009F1C3F /* Resources */,
			);
			buildRules = (
			);
			dependencies = (
			);
			name = SecondaryPassword;
			productName = SecondaryPassword;
			productReference = 66CD42CE2BE0EFCE009F1C3F /* SecondaryPassword.app */;
			productType = "com.apple.product-type.application";
		};
/* End PBXNativeTarget section */

/* Begin PBXProject section */
		66CD42C62BE0EFCE009F1C3F /* Project object */ = {
			isa = PBXProject;
			attributes = {
				BuildIndependentTargetsInParallel = 1;
				LastSwiftUpdateCheck = 1530;
				LastUpgradeCheck = 1530;
				TargetAttributes = {
					66CD42CD2BE0EFCE009F1C3F = {
						CreatedOnToolsVersion = 15.3;
					};
				};
			};
			buildConfigurationList = 66CD42C92BE0EFCE009F1C3F /* Build configuration list for PBXProject "SecondaryPassword" */;
			compatibilityVersion = "Xcode 14.0";
			developmentRegion = en;
			hasScannedForEncodings = 0;
			knownRegions = (
				en,
				Base,
			);
			mainGroup = 66CD42C52BE0EFCE009F1C3F;
			productRefGroup = 66CD42CF2BE0EFCE009F1C3F /* Products */;
			projectDirPath = "";
			projectRoot = "";
			targets = (
				66CD42CD2BE0EFCE009F1C3F /* SecondaryPassword */,
			);
		};
/* End PBXProject section */

/* Begin PBXResourcesBuildPhase section */
		66CD42CC2BE0EFCE009F1C3F /* Resources */ = {
			isa = PBXResourcesBuildPhase;
			buildActionMask = 2147483647;
			files = (
				66CD42DB2BE0EFCF009F1C3F /* Assets.xcassets in Resources */,
				66CD42DE2BE0EFCF009F1C3F /* Base in Resources */,
				66CD42D92BE0EFCE009F1C3F /* Base in Resources */,
			);
			runOnlyForDeploymentPostprocessing = 0;
		};
/* End PBXResourcesBuildPhase section */

/* Begin PBXSourcesBuildPhase section */
		66CD42CA2BE0EFCE009F1C3F /* Sources */ = {
			isa = PBXSourcesBuildPhase;
			buildActionMask = 2147483647;
			files = (
				66CD42E62BE0F024009F1C3F /* SecondViewController.swift in Sources */,
				66CD42D62BE0EFCE009F1C3F /* ViewController.swift in Sources */,
				66CD42E82BE0F039009F1C3F /* ThirdViewController.swift in Sources */,
				66CD42D22BE0EFCE009F1C3F /* AppDelegate.swift in Sources */,
				66CD42D42BE0EFCE009F1C3F /* SceneDelegate.swift in Sources */,
			);
			runOnlyForDeploymentPostprocessing = 0;
		};
/* End PBXSourcesBuildPhase section */

/* Begin PBXVariantGroup section */
		66CD42D72BE0EFCE009F1C3F /* Main.storyboard */ = {
			isa = PBXVariantGroup;
			children = (
				66CD42D82BE0EFCE009F1C3F /* Base */,
			);
			name = Main.storyboard;
			sourceTree = "<group>";
		};
		66CD42DC2BE0EFCF009F1C3F /* LaunchScreen.storyboard */ = {
			isa = PBXVariantGroup;
			children = (
				66CD42DD2BE0EFCF009F1C3F /* Base */,
			);
			name = LaunchScreen.storyboard;
			sourceTree = "<group>";
		};
/* End PBXVariantGroup section */

/* Begin XCBuildConfiguration section */
		66CD42E02BE0EFCF009F1C3F /* Debug */ = {
			isa = XCBuildConfiguration;
			buildSettings = {
				ALWAYS_SEARCH_USER_PATHS = NO;
				ASSETCATALOG_COMPILER_GENERATE_SWIFT_ASSET_SYMBOL_EXTENSIONS = YES;
				CLANG_ANALYZER_NONNULL = YES;
				CLANG_ANALYZER_NUMBER_OBJECT_CONVERSION = YES_AGGRESSIVE;
				CLANG_CXX_LANGUAGE_STANDARD = "gnu++20";
				CLANG_ENABLE_MODULES = YES;
				CLANG_ENABLE_OBJC_ARC = YES;
				CLANG_ENABLE_OBJC_WEAK = YES;
				CLANG_WARN_BLOCK_CAPTURE_AUTORELEASING = YES;
				CLANG_WARN_BOOL_CONVERSION = YES;
				CLANG_WARN_COMMA = YES;
				CLANG_WARN_CONSTANT_CONVERSION = YES;
				CLANG_WARN_DEPRECATED_OBJC_IMPLEMENTATIONS = YES;
				CLANG_WARN_DIRECT_OBJC_ISA_USAGE = YES_ERROR;
				CLANG_WARN_DOCUMENTATION_COMMENTS = YES;
				CLANG_WARN_EMPTY_BODY = YES;
				CLANG_WARN_ENUM_CONVERSION = YES;
				CLANG_WARN_INFINITE_RECURSION = YES;
				CLANG_WARN_INT_CONVERSION = YES;
				CLANG_WARN_NON_LITERAL_NULL_CONVERSION = YES;
				CLANG_WARN_OBJC_IMPLICIT_RETAIN_SELF = YES;
				CLANG_WARN_OBJC_LITERAL_CONVERSION = YES;
				CLANG_WARN_OBJC_ROOT_CLASS = YES_ERROR;
				CLANG_WARN_QUOTED_INCLUDE_IN_FRAMEWORK_HEADER = YES;
				CLANG_WARN_RANGE_LOOP_ANALYSIS = YES;
				CLANG_WARN_STRICT_PROTOTYPES = YES;
				CLANG_WARN_SUSPICIOUS_MOVE = YES;
				CLANG_WARN_UNGUARDED_AVAILABILITY = YES_AGGRESSIVE;
				CLANG_WARN_UNREACHABLE_CODE = YES;
				CLANG_WARN__DUPLICATE_METHOD_MATCH = YES;
				COPY_PHASE_STRIP = NO;
				DEBUG_INFORMATION_FORMAT = dwarf;
				ENABLE_STRICT_OBJC_MSGSEND = YES;
				ENABLE_TESTABILITY = YES;
				ENABLE_USER_SCRIPT_SANDBOXING = YES;
				GCC_C_LANGUAGE_STANDARD = gnu17;
				GCC_DYNAMIC_NO_PIC = NO;
				GCC_NO_COMMON_BLOCKS = YES;
				GCC_OPTIMIZATION_LEVEL = 0;
				GCC_PREPROCESSOR_DEFINITIONS = (
					"DEBUG=1",
					"$(inherited)",
				);
				GCC_WARN_64_TO_32_BIT_CONVERSION = YES;
				GCC_WARN_ABOUT_RETURN_TYPE = YES_ERROR;
				GCC_WARN_UNDECLARED_SELECTOR = YES;
				GCC_WARN_UNINITIALIZED_AUTOS = YES_AGGRESSIVE;
				GCC_WARN_UNUSED_FUNCTION = YES;
				GCC_WARN_UNUSED_VARIABLE = YES;
				IPHONEOS_DEPLOYMENT_TARGET = 17.4;
				LOCALIZATION_PREFERS_STRING_CATALOGS = YES;
				MTL_ENABLE_DEBUG_INFO = INCLUDE_SOURCE;
				MTL_FAST_MATH = YES;
				ONLY_ACTIVE_ARCH = YES;
				SDKROOT = iphoneos;
				SWIFT_ACTIVE_COMPILATION_CONDITIONS = "DEBUG $(inherited)";
				SWIFT_OPTIMIZATION_LEVEL = "-Onone";
			};
			name = Debug;
		};
		66CD42E12BE0EFCF009F1C3F /* Release */ = {
			isa = XCBuildConfiguration;
			buildSettings = {
				ALWAYS_SEARCH_USER_PATHS = NO;
				ASSETCATALOG_COMPILER_GENERATE_SWIFT_ASSET_SYMBOL_EXTENSIONS = YES;
				CLANG_ANALYZER_NONNULL = YES;
				CLANG_ANALYZER_NUMBER_OBJECT_CONVERSION = YES_AGGRESSIVE;
				CLANG_CXX_LANGUAGE_STANDARD = "gnu++20";
				CLANG_ENABLE_MODULES = YES;
				CLANG_ENABLE_OBJC_ARC = YES;
				CLANG_ENABLE_OBJC_WEAK = YES;
				CLANG_WARN_BLOCK_CAPTURE_AUTORELEASING = YES;
				CLANG_WARN_BOOL_CONVERSION = YES;
				CLANG_WARN_COMMA = YES;
				CLANG_WARN_CONSTANT_CONVERSION = YES;
				CLANG_WARN_DEPRECATED_OBJC_IMPLEMENTATIONS = YES;
				CLANG_WARN_DIRECT_OBJC_ISA_USAGE = YES_ERROR;
				CLANG_WARN_DOCUMENTATION_COMMENTS = YES;
				CLANG_WARN_EMPTY_BODY = YES;
				CLANG_WARN_ENUM_CONVERSION = YES;
				CLANG_WARN_INFINITE_RECURSION = YES;
				CLANG_WARN_INT_CONVERSION = YES;
				CLANG_WARN_NON_LITERAL_NULL_CONVERSION = YES;
				CLANG_WARN_OBJC_IMPLICIT_RETAIN_SELF = YES;
				CLANG_WARN_OBJC_LITERAL_CONVERSION = YES;
				CLANG_WARN_OBJC_ROOT_CLASS = YES_ERROR;
				CLANG_WARN_QUOTED_INCLUDE_IN_FRAMEWORK_HEADER = YES;
				CLANG_WARN_RANGE_LOOP_ANALYSIS = YES;
				CLANG_WARN_STRICT_PROTOTYPES = YES;
				CLANG_WARN_SUSPICIOUS_MOVE = YES;
				CLANG_WARN_UNGUARDED_AVAILABILITY = YES_AGGRESSIVE;
				CLANG_WARN_UNREACHABLE_CODE = YES;
				CLANG_WARN__DUPLICATE_METHOD_MATCH = YES;
				COPY_PHASE_STRIP = NO;
				DEBUG_INFORMATION_FORMAT = "dwarf-with-dsym";
				ENABLE_NS_ASSERTIONS = NO;
				ENABLE_STRICT_OBJC_MSGSEND = YES;
				ENABLE_USER_SCRIPT_SANDBOXING = YES;
				GCC_C_LANGUAGE_STANDARD = gnu17;
				GCC_NO_COMMON_BLOCKS = YES;
				GCC_WARN_64_TO_32_BIT_CONVERSION = YES;
				GCC_WARN_ABOUT_RETURN_TYPE = YES_ERROR;
				GCC_WARN_UNDECLARED_SELECTOR = YES;
				GCC_WARN_UNINITIALIZED_AUTOS = YES_AGGRESSIVE;
				GCC_WARN_UNUSED_FUNCTION = YES;
				GCC_WARN_UNUSED_VARIABLE = YES;
				IPHONEOS_DEPLOYMENT_TARGET = 17.4;
				LOCALIZATION_PREFERS_STRING_CATALOGS = YES;
				MTL_ENABLE_DEBUG_INFO = NO;
				MTL_FAST_MATH = YES;
				SDKROOT = iphoneos;
				SWIFT_COMPILATION_MODE = wholemodule;
				VALIDATE_PRODUCT = YES;
			};
			name = Release;
		};
		66CD42E32BE0EFCF009F1C3F /* Debug */ = {
			isa = XCBuildConfiguration;
			buildSettings = {
				ASSETCATALOG_COMPILER_APPICON_NAME = AppIcon;
				ASSETCATALOG_COMPILER_GLOBAL_ACCENT_COLOR_NAME = AccentColor;
				CODE_SIGN_STYLE = Automatic;
				CURRENT_PROJECT_VERSION = 1;
				GENERATE_INFOPLIST_FILE = YES;
				INFOPLIST_FILE = SecondaryPassword/Info.plist;
				INFOPLIST_KEY_UIApplicationSupportsIndirectInputEvents = YES;
				INFOPLIST_KEY_UILaunchStoryboardName = LaunchScreen;
				INFOPLIST_KEY_UIMainStoryboardFile = Main;
				IPHONEOS_DEPLOYMENT_TARGET = 13.0;
				LD_RUNPATH_SEARCH_PATHS = (
					"$(inherited)",
					"@executable_path/Frameworks",
				);
				MARKETING_VERSION = 1.0;
				PRODUCT_BUNDLE_IDENTIFIER = kr.co.test.SecondaryPassword;
				PRODUCT_NAME = "$(TARGET_NAME)";
				SWIFT_EMIT_LOC_STRINGS = YES;
				SWIFT_VERSION = 5.0;
				TARGETED_DEVICE_FAMILY = "1,2";
			};
			name = Debug;
		};
		66CD42E42BE0EFCF009F1C3F /* Release */ = {
			isa = XCBuildConfiguration;
			buildSettings = {
				ASSETCATALOG_COMPILER_APPICON_NAME = AppIcon;
				ASSETCATALOG_COMPILER_GLOBAL_ACCENT_COLOR_NAME = AccentColor;
				CODE_SIGN_STYLE = Automatic;
				CURRENT_PROJECT_VERSION = 1;
				GENERATE_INFOPLIST_FILE = YES;
				INFOPLIST_FILE = SecondaryPassword/Info.plist;
				INFOPLIST_KEY_UIApplicationSupportsIndirectInputEvents = YES;
				INFOPLIST_KEY_UILaunchStoryboardName = LaunchScreen;
				INFOPLIST_KEY_UIMainStoryboardFile = Main;
				IPHONEOS_DEPLOYMENT_TARGET = 13.0;
				LD_RUNPATH_SEARCH_PATHS = (
					"$(inherited)",
					"@executable_path/Frameworks",
				);
				MARKETING_VERSION = 1.0;
				PRODUCT_BUNDLE_IDENTIFIER = kr.co.test.SecondaryPassword;
				PRODUCT_NAME = "$(TARGET_NAME)";
				SWIFT_EMIT_LOC_STRINGS = YES;
				SWIFT_VERSION = 5.0;
				TARGETED_DEVICE_FAMILY = "1,2";
			};
			name = Release;
		};
/* End XCBuildConfiguration section */

/* Begin XCConfigurationList section */
		66CD42C92BE0EFCE009F1C3F /* Build configuration list for PBXProject "SecondaryPassword" */ = {
			isa = XCConfigurationList;
			buildConfigurations = (
				66CD42E02BE0EFCF009F1C3F /* Debug */,
				66CD42E12BE0EFCF009F1C3F /* Release */,
			);
			defaultConfigurationIsVisible = 0;
			defaultConfigurationName = Release;
		};
		66CD42E22BE0EFCF009F1C3F /* Build configuration list for PBXNativeTarget "SecondaryPassword" */ = {
			isa = XCConfigurationList;
			buildConfigurations = (
				66CD42E32BE0EFCF009F1C3F /* Debug */,
				66CD42E42BE0EFCF009F1C3F /* Release */,
			);
			defaultConfigurationIsVisible = 0;
			defaultConfigurationName = Release;
		};
/* End XCConfigurationList section */
	};
	rootObject = 66CD42C62BE0EFCE009F1C3F /* Project object */;
}
